// !$*UTF8*$!
{
	archiveVersion = 1;
	classes = {
	};
	objectVersion = 50;
	objects = {

/* Begin PBXBuildFile section */
		6E1DB07D26298ED300D49B7A /* ServerMessageFactory.swift in Sources */ = {isa = PBXBuildFile; fileRef = 6E1DB07C26298ED300D49B7A /* ServerMessageFactory.swift */; };
		6E1DB080262991EA00D49B7A /* BroadcastMessageFactory.swift in Sources */ = {isa = PBXBuildFile; fileRef = 6E1DB07F262991EA00D49B7A /* BroadcastMessageFactory.swift */; };
		6E6AC0A52624F52900A273B4 /* NetworkInterfaceType.swift in Sources */ = {isa = PBXBuildFile; fileRef = 6E6AC0A42624F52900A273B4 /* NetworkInterfaceType.swift */; };
		6E8766F62626517500FB80DA /* Message.swift in Sources */ = {isa = PBXBuildFile; fileRef = 6E8766F52626517500FB80DA /* Message.swift */; };
		6E8766FB2626595500FB80DA /* BroadcastManager.swift in Sources */ = {isa = PBXBuildFile; fileRef = 6E8766FA2626595500FB80DA /* BroadcastManager.swift */; };
		6E8766FF26265BF600FB80DA /* ClientCommunicationManager.swift in Sources */ = {isa = PBXBuildFile; fileRef = 6E8766FE26265BF600FB80DA /* ClientCommunicationManager.swift */; };
		6E87670426265CF100FB80DA /* ServerCommunicationManager.swift in Sources */ = {isa = PBXBuildFile; fileRef = 6E87670326265CF100FB80DA /* ServerCommunicationManager.swift */; };
		6E87670B26265FFD00FB80DA /* DeviceType.swift in Sources */ = {isa = PBXBuildFile; fileRef = 6E87670A26265FFD00FB80DA /* DeviceType.swift */; };
		EF37DFEB24354F97009F1E29 /* UIChatTableView.swift in Sources */ = {isa = PBXBuildFile; fileRef = EF37DFEA24354F97009F1E29 /* UIChatTableView.swift */; };
		EF3D9D98241D0DCA009079FC /* Device.swift in Sources */ = {isa = PBXBuildFile; fileRef = EF3D9D97241D0DCA009079FC /* Device.swift */; };
		EF3D9D9F241D163C009079FC /* BroadcastMessagingDelegate.swift in Sources */ = {isa = PBXBuildFile; fileRef = EF3D9D9E241D163C009079FC /* BroadcastMessagingDelegate.swift */; };
		EF3D9DA1241D1650009079FC /* ServerCommunicationDelegate.swift in Sources */ = {isa = PBXBuildFile; fileRef = EF3D9DA0241D1650009079FC /* ServerCommunicationDelegate.swift */; };
		EF3D9DA3241D1682009079FC /* ClientCommunicationDelegate.swift in Sources */ = {isa = PBXBuildFile; fileRef = EF3D9DA2241D1682009079FC /* ClientCommunicationDelegate.swift */; };
		EF3D9DA7241D6427009079FC /* SocketUtilities.swift in Sources */ = {isa = PBXBuildFile; fileRef = EF3D9DA6241D6427009079FC /* SocketUtilities.swift */; };
		EF50585423FEDB4B001020FD /* NetworkInterfacesProvider.swift in Sources */ = {isa = PBXBuildFile; fileRef = EF50585323FEDB4B001020FD /* NetworkInterfacesProvider.swift */; };
		EF50585623FEDC84001020FD /* NetworkInterface.swift in Sources */ = {isa = PBXBuildFile; fileRef = EF50585523FEDC84001020FD /* NetworkInterface.swift */; };
		EF50585C23FEF5C3001020FD /* CommunicationManager.swift in Sources */ = {isa = PBXBuildFile; fileRef = EF50585B23FEF5C3001020FD /* CommunicationManager.swift */; };
		EF5058612400A5A1001020FD /* Utilities.swift in Sources */ = {isa = PBXBuildFile; fileRef = EF5058602400A5A1001020FD /* Utilities.swift */; };
		EF884EC123F76403002CB0EE /* AppDelegate.swift in Sources */ = {isa = PBXBuildFile; fileRef = EF884EC023F76403002CB0EE /* AppDelegate.swift */; };
		EF884EC323F76403002CB0EE /* SceneDelegate.swift in Sources */ = {isa = PBXBuildFile; fileRef = EF884EC223F76403002CB0EE /* SceneDelegate.swift */; };
		EF884EC523F76403002CB0EE /* ChatViewController.swift in Sources */ = {isa = PBXBuildFile; fileRef = EF884EC423F76403002CB0EE /* ChatViewController.swift */; };
		EF884EC823F76403002CB0EE /* Main.storyboard in Resources */ = {isa = PBXBuildFile; fileRef = EF884EC623F76403002CB0EE /* Main.storyboard */; };
		EF884ECA23F76408002CB0EE /* Assets.xcassets in Resources */ = {isa = PBXBuildFile; fileRef = EF884EC923F76408002CB0EE /* Assets.xcassets */; };
		EF884ECD23F76408002CB0EE /* LaunchScreen.storyboard in Resources */ = {isa = PBXBuildFile; fileRef = EF884ECB23F76408002CB0EE /* LaunchScreen.storyboard */; };
		EF8CBE5C241AB343009AB2D0 /* PlatformUtils.swift in Sources */ = {isa = PBXBuildFile; fileRef = EF8CBE5B241AB343009AB2D0 /* PlatformUtils.swift */; };
		EF8CBE5E241AB547009AB2D0 /* Reusable.swift in Sources */ = {isa = PBXBuildFile; fileRef = EF8CBE5D241AB547009AB2D0 /* Reusable.swift */; };
		EF8CBE60241AB582009AB2D0 /* UITableView+Ext.swift in Sources */ = {isa = PBXBuildFile; fileRef = EF8CBE5F241AB582009AB2D0 /* UITableView+Ext.swift */; };
		EF8CBE62241ABDCD009AB2D0 /* ChatMessage.swift in Sources */ = {isa = PBXBuildFile; fileRef = EF8CBE61241ABDCD009AB2D0 /* ChatMessage.swift */; };
		EF95F80A2402CDF30002C047 /* NetworkInterfaceConnector.swift in Sources */ = {isa = PBXBuildFile; fileRef = EF95F8092402CDF30002C047 /* NetworkInterfaceConnector.swift */; };
		EF95F80C2402D5D20002C047 /* Notification+Ext.swift in Sources */ = {isa = PBXBuildFile; fileRef = EF95F80B2402D5D20002C047 /* Notification+Ext.swift */; };
		EF95F830240309370002C047 /* MessageTableViewCell.swift in Sources */ = {isa = PBXBuildFile; fileRef = EF95F82E240309370002C047 /* MessageTableViewCell.swift */; };
		EF95F831240309370002C047 /* MessageTableViewCell.xib in Resources */ = {isa = PBXBuildFile; fileRef = EF95F82F240309370002C047 /* MessageTableViewCell.xib */; };
		EF9C42DB241A564F00564AC2 /* ViewDataConfigurable.swift in Sources */ = {isa = PBXBuildFile; fileRef = EF9C42DA241A564F00564AC2 /* ViewDataConfigurable.swift */; };
		EF9C42E1241A858F00564AC2 /* TextBoardView.swift in Sources */ = {isa = PBXBuildFile; fileRef = EF9C42E0241A858F00564AC2 /* TextBoardView.swift */; };
		EF9C42E3241A859900564AC2 /* TextBoardView.xib in Resources */ = {isa = PBXBuildFile; fileRef = EF9C42E2241A859900564AC2 /* TextBoardView.xib */; };
		EF9C42E5241A889000564AC2 /* NibLoadable.swift in Sources */ = {isa = PBXBuildFile; fileRef = EF9C42E4241A889000564AC2 /* NibLoadable.swift */; };
		EF9C42E7241A899C00564AC2 /* Collection+Ext.swift in Sources */ = {isa = PBXBuildFile; fileRef = EF9C42E6241A899C00564AC2 /* Collection+Ext.swift */; };
		EF9C42E9241A89B300564AC2 /* UIView+Ext.swift in Sources */ = {isa = PBXBuildFile; fileRef = EF9C42E8241A89B200564AC2 /* UIView+Ext.swift */; };
/* End PBXBuildFile section */

/* Begin PBXFileReference section */
		6E1DB07C26298ED300D49B7A /* ServerMessageFactory.swift */ = {isa = PBXFileReference; lastKnownFileType = sourcecode.swift; path = ServerMessageFactory.swift; sourceTree = "<group>"; };
		6E1DB07F262991EA00D49B7A /* BroadcastMessageFactory.swift */ = {isa = PBXFileReference; lastKnownFileType = sourcecode.swift; path = BroadcastMessageFactory.swift; sourceTree = "<group>"; };
		6E6AC0A42624F52900A273B4 /* NetworkInterfaceType.swift */ = {isa = PBXFileReference; lastKnownFileType = sourcecode.swift; path = NetworkInterfaceType.swift; sourceTree = "<group>"; };
		6E8766F52626517500FB80DA /* Message.swift */ = {isa = PBXFileReference; lastKnownFileType = sourcecode.swift; path = Message.swift; sourceTree = "<group>"; };
		6E8766FA2626595500FB80DA /* BroadcastManager.swift */ = {isa = PBXFileReference; lastKnownFileType = sourcecode.swift; path = BroadcastManager.swift; sourceTree = "<group>"; };
		6E8766FE26265BF600FB80DA /* ClientCommunicationManager.swift */ = {isa = PBXFileReference; lastKnownFileType = sourcecode.swift; path = ClientCommunicationManager.swift; sourceTree = "<group>"; };
		6E87670326265CF100FB80DA /* ServerCommunicationManager.swift */ = {isa = PBXFileReference; lastKnownFileType = sourcecode.swift; path = ServerCommunicationManager.swift; sourceTree = "<group>"; };
		6E87670A26265FFD00FB80DA /* DeviceType.swift */ = {isa = PBXFileReference; lastKnownFileType = sourcecode.swift; path = DeviceType.swift; sourceTree = "<group>"; };
		EF37DFEA24354F97009F1E29 /* UIChatTableView.swift */ = {isa = PBXFileReference; lastKnownFileType = sourcecode.swift; path = UIChatTableView.swift; sourceTree = "<group>"; };
		EF3D9D97241D0DCA009079FC /* Device.swift */ = {isa = PBXFileReference; lastKnownFileType = sourcecode.swift; path = Device.swift; sourceTree = "<group>"; };
		EF3D9D9E241D163C009079FC /* BroadcastMessagingDelegate.swift */ = {isa = PBXFileReference; lastKnownFileType = sourcecode.swift; path = BroadcastMessagingDelegate.swift; sourceTree = "<group>"; };
		EF3D9DA0241D1650009079FC /* ServerCommunicationDelegate.swift */ = {isa = PBXFileReference; lastKnownFileType = sourcecode.swift; path = ServerCommunicationDelegate.swift; sourceTree = "<group>"; };
		EF3D9DA2241D1682009079FC /* ClientCommunicationDelegate.swift */ = {isa = PBXFileReference; lastKnownFileType = sourcecode.swift; path = ClientCommunicationDelegate.swift; sourceTree = "<group>"; };
		EF3D9DA6241D6427009079FC /* SocketUtilities.swift */ = {isa = PBXFileReference; lastKnownFileType = sourcecode.swift; path = SocketUtilities.swift; sourceTree = "<group>"; };
		EF50585323FEDB4B001020FD /* NetworkInterfacesProvider.swift */ = {isa = PBXFileReference; lastKnownFileType = sourcecode.swift; path = NetworkInterfacesProvider.swift; sourceTree = "<group>"; };
		EF50585523FEDC84001020FD /* NetworkInterface.swift */ = {isa = PBXFileReference; lastKnownFileType = sourcecode.swift; path = NetworkInterface.swift; sourceTree = "<group>"; };
		EF50585B23FEF5C3001020FD /* CommunicationManager.swift */ = {isa = PBXFileReference; lastKnownFileType = sourcecode.swift; path = CommunicationManager.swift; sourceTree = "<group>"; };
		EF5058602400A5A1001020FD /* Utilities.swift */ = {isa = PBXFileReference; lastKnownFileType = sourcecode.swift; path = Utilities.swift; sourceTree = "<group>"; };
		EF884EBD23F76403002CB0EE /* PlaneTalk.app */ = {isa = PBXFileReference; explicitFileType = wrapper.application; includeInIndex = 0; path = PlaneTalk.app; sourceTree = BUILT_PRODUCTS_DIR; };
		EF884EC023F76403002CB0EE /* AppDelegate.swift */ = {isa = PBXFileReference; lastKnownFileType = sourcecode.swift; path = AppDelegate.swift; sourceTree = "<group>"; };
		EF884EC223F76403002CB0EE /* SceneDelegate.swift */ = {isa = PBXFileReference; lastKnownFileType = sourcecode.swift; path = SceneDelegate.swift; sourceTree = "<group>"; };
		EF884EC423F76403002CB0EE /* ChatViewController.swift */ = {isa = PBXFileReference; lastKnownFileType = sourcecode.swift; path = ChatViewController.swift; sourceTree = "<group>"; };
		EF884EC723F76403002CB0EE /* Base */ = {isa = PBXFileReference; lastKnownFileType = file.storyboard; name = Base; path = Base.lproj/Main.storyboard; sourceTree = "<group>"; };
		EF884EC923F76408002CB0EE /* Assets.xcassets */ = {isa = PBXFileReference; lastKnownFileType = folder.assetcatalog; path = Assets.xcassets; sourceTree = "<group>"; };
		EF884ECC23F76408002CB0EE /* Base */ = {isa = PBXFileReference; lastKnownFileType = file.storyboard; name = Base; path = Base.lproj/LaunchScreen.storyboard; sourceTree = "<group>"; };
		EF884ECE23F76408002CB0EE /* Info.plist */ = {isa = PBXFileReference; lastKnownFileType = text.plist.xml; path = Info.plist; sourceTree = "<group>"; };
		EF8CBE5B241AB343009AB2D0 /* PlatformUtils.swift */ = {isa = PBXFileReference; lastKnownFileType = sourcecode.swift; path = PlatformUtils.swift; sourceTree = "<group>"; };
		EF8CBE5D241AB547009AB2D0 /* Reusable.swift */ = {isa = PBXFileReference; lastKnownFileType = sourcecode.swift; path = Reusable.swift; sourceTree = "<group>"; };
		EF8CBE5F241AB582009AB2D0 /* UITableView+Ext.swift */ = {isa = PBXFileReference; lastKnownFileType = sourcecode.swift; path = "UITableView+Ext.swift"; sourceTree = "<group>"; };
		EF8CBE61241ABDCD009AB2D0 /* ChatMessage.swift */ = {isa = PBXFileReference; lastKnownFileType = sourcecode.swift; path = ChatMessage.swift; sourceTree = "<group>"; };
		EF95F8092402CDF30002C047 /* NetworkInterfaceConnector.swift */ = {isa = PBXFileReference; lastKnownFileType = sourcecode.swift; path = NetworkInterfaceConnector.swift; sourceTree = "<group>"; };
		EF95F80B2402D5D20002C047 /* Notification+Ext.swift */ = {isa = PBXFileReference; lastKnownFileType = sourcecode.swift; path = "Notification+Ext.swift"; sourceTree = "<group>"; };
		EF95F82E240309370002C047 /* MessageTableViewCell.swift */ = {isa = PBXFileReference; lastKnownFileType = sourcecode.swift; path = MessageTableViewCell.swift; sourceTree = "<group>"; };
		EF95F82F240309370002C047 /* MessageTableViewCell.xib */ = {isa = PBXFileReference; lastKnownFileType = file.xib; path = MessageTableViewCell.xib; sourceTree = "<group>"; };
		EF9C42DA241A564F00564AC2 /* ViewDataConfigurable.swift */ = {isa = PBXFileReference; lastKnownFileType = sourcecode.swift; path = ViewDataConfigurable.swift; sourceTree = "<group>"; };
		EF9C42E0241A858F00564AC2 /* TextBoardView.swift */ = {isa = PBXFileReference; lastKnownFileType = sourcecode.swift; path = TextBoardView.swift; sourceTree = "<group>"; };
		EF9C42E2241A859900564AC2 /* TextBoardView.xib */ = {isa = PBXFileReference; lastKnownFileType = file.xib; path = TextBoardView.xib; sourceTree = "<group>"; };
		EF9C42E4241A889000564AC2 /* NibLoadable.swift */ = {isa = PBXFileReference; lastKnownFileType = sourcecode.swift; path = NibLoadable.swift; sourceTree = "<group>"; };
		EF9C42E6241A899C00564AC2 /* Collection+Ext.swift */ = {isa = PBXFileReference; lastKnownFileType = sourcecode.swift; path = "Collection+Ext.swift"; sourceTree = "<group>"; };
		EF9C42E8241A89B200564AC2 /* UIView+Ext.swift */ = {isa = PBXFileReference; lastKnownFileType = sourcecode.swift; path = "UIView+Ext.swift"; sourceTree = "<group>"; };
/* End PBXFileReference section */

/* Begin PBXFrameworksBuildPhase section */
		EF884EBA23F76403002CB0EE /* Frameworks */ = {
			isa = PBXFrameworksBuildPhase;
			buildActionMask = 2147483647;
			files = (
			);
			runOnlyForDeploymentPostprocessing = 0;
		};
/* End PBXFrameworksBuildPhase section */

/* Begin PBXGroup section */
		6E1DB083262994DE00D49B7A /* MessagesFactory */ = {
			isa = PBXGroup;
			children = (
				6E1DB07C26298ED300D49B7A /* ServerMessageFactory.swift */,
				6E1DB07F262991EA00D49B7A /* BroadcastMessageFactory.swift */,
			);
			path = MessagesFactory;
			sourceTree = "<group>";
		};
		6E1DB0892629D67600D49B7A /* TransmissionManager */ = {
			isa = PBXGroup;
			children = (
				6E8766FA2626595500FB80DA /* BroadcastManager.swift */,
				6E8766FE26265BF600FB80DA /* ClientCommunicationManager.swift */,
				6E87670326265CF100FB80DA /* ServerCommunicationManager.swift */,
			);
			path = TransmissionManager;
			sourceTree = "<group>";
		};
		6E6AC0A22624F41300A273B4 /* Network */ = {
			isa = PBXGroup;
			children = (
				EF50585323FEDB4B001020FD /* NetworkInterfacesProvider.swift */,
				EF95F8092402CDF30002C047 /* NetworkInterfaceConnector.swift */,
			);
			path = Network;
			sourceTree = "<group>";
		};
		6E87670826265E1C00FB80DA /* Network */ = {
			isa = PBXGroup;
			children = (
				6E6AC0A42624F52900A273B4 /* NetworkInterfaceType.swift */,
				EF50585523FEDC84001020FD /* NetworkInterface.swift */,
			);
			path = Network;
			sourceTree = "<group>";
		};
		EF3D9D9B241D1603009079FC /* Delegate */ = {
			isa = PBXGroup;
			children = (
				EF3D9DA0241D1650009079FC /* ServerCommunicationDelegate.swift */,
				EF3D9DA2241D1682009079FC /* ClientCommunicationDelegate.swift */,
				EF3D9D9E241D163C009079FC /* BroadcastMessagingDelegate.swift */,
			);
			path = Delegate;
			sourceTree = "<group>";
		};
		EF3D9DA4241D63AF009079FC /* Extensions */ = {
			isa = PBXGroup;
			children = (
				EF8CBE5F241AB582009AB2D0 /* UITableView+Ext.swift */,
				EF9C42E6241A899C00564AC2 /* Collection+Ext.swift */,
				EF9C42E8241A89B200564AC2 /* UIView+Ext.swift */,
				EF95F80B2402D5D20002C047 /* Notification+Ext.swift */,
			);
			path = Extensions;
			sourceTree = "<group>";
		};
		EF3D9DA5241D63D8009079FC /* Protocols */ = {
			isa = PBXGroup;
			children = (
				EF9C42DA241A564F00564AC2 /* ViewDataConfigurable.swift */,
				EF9C42E4241A889000564AC2 /* NibLoadable.swift */,
				EF8CBE5D241AB547009AB2D0 /* Reusable.swift */,
			);
			path = Protocols;
			sourceTree = "<group>";
		};
		EF3D9DA8241D6443009079FC /* Utilities */ = {
			isa = PBXGroup;
			children = (
				EF3D9DA6241D6427009079FC /* SocketUtilities.swift */,
				EF8CBE5B241AB343009AB2D0 /* PlatformUtils.swift */,
				EF5058602400A5A1001020FD /* Utilities.swift */,
			);
			path = Utilities;
			sourceTree = "<group>";
		};
		EF50585F23FF0BEB001020FD /* Devices */ = {
			isa = PBXGroup;
			children = (
				EF3D9D97241D0DCA009079FC /* Device.swift */,
				6E87670A26265FFD00FB80DA /* DeviceType.swift */,
				6E8766F52626517500FB80DA /* Message.swift */,
			);
			path = Devices;
			sourceTree = "<group>";
		};
		EF884EB423F76403002CB0EE = {
			isa = PBXGroup;
			children = (
				EF884EBF23F76403002CB0EE /* PlaneTalk */,
				EF884EBE23F76403002CB0EE /* Products */,
			);
			sourceTree = "<group>";
		};
		EF884EBE23F76403002CB0EE /* Products */ = {
			isa = PBXGroup;
			children = (
				EF884EBD23F76403002CB0EE /* PlaneTalk.app */,
			);
			name = Products;
			sourceTree = "<group>";
		};
		EF884EBF23F76403002CB0EE /* PlaneTalk */ = {
			isa = PBXGroup;
			children = (
				EF884EC023F76403002CB0EE /* AppDelegate.swift */,
				EF884EC223F76403002CB0EE /* SceneDelegate.swift */,
				EF884EC423F76403002CB0EE /* ChatViewController.swift */,
				EF37DFEA24354F97009F1E29 /* UIChatTableView.swift */,
				6E6AC0A22624F41300A273B4 /* Network */,
				EF95F80E2402D7380002C047 /* Communication */,
				EF95F8112402E3660002C047 /* Model */,
				EF95F80D2402D65D0002C047 /* Supporting Files */,
				EF95F85A2403398F0002C047 /* UI */,
			);
			path = PlaneTalk;
			sourceTree = "<group>";
		};
		EF95F80D2402D65D0002C047 /* Supporting Files */ = {
			isa = PBXGroup;
			children = (
				EF3D9DA5241D63D8009079FC /* Protocols */,
				EF3D9DA4241D63AF009079FC /* Extensions */,
				EF3D9DA8241D6443009079FC /* Utilities */,
				EF884EC623F76403002CB0EE /* Main.storyboard */,
				EF884ECB23F76408002CB0EE /* LaunchScreen.storyboard */,
				EF884EC923F76408002CB0EE /* Assets.xcassets */,
				EF884ECE23F76408002CB0EE /* Info.plist */,
			);
			path = "Supporting Files";
			sourceTree = "<group>";
		};
		EF95F80E2402D7380002C047 /* Communication */ = {
			isa = PBXGroup;
			children = (
				EF50585B23FEF5C3001020FD /* CommunicationManager.swift */,
				6E1DB0892629D67600D49B7A /* TransmissionManager */,
				6E1DB083262994DE00D49B7A /* MessagesFactory */,
			);
			path = Communication;
			sourceTree = "<group>";
		};
		EF95F8112402E3660002C047 /* Model */ = {
			isa = PBXGroup;
			children = (
				6E87670826265E1C00FB80DA /* Network */,
				EF3D9D9B241D1603009079FC /* Delegate */,
				EF50585F23FF0BEB001020FD /* Devices */,
			);
			path = Model;
			sourceTree = "<group>";
		};
		EF95F85A2403398F0002C047 /* UI */ = {
			isa = PBXGroup;
			children = (
				EF8CBE61241ABDCD009AB2D0 /* ChatMessage.swift */,
				EF95F82E240309370002C047 /* MessageTableViewCell.swift */,
				EF95F82F240309370002C047 /* MessageTableViewCell.xib */,
				EF9C42E0241A858F00564AC2 /* TextBoardView.swift */,
				EF9C42E2241A859900564AC2 /* TextBoardView.xib */,
			);
			path = UI;
			sourceTree = "<group>";
		};
/* End PBXGroup section */

/* Begin PBXNativeTarget section */
		EF884EBC23F76403002CB0EE /* PlaneTalk */ = {
			isa = PBXNativeTarget;
			buildConfigurationList = EF884ED123F76408002CB0EE /* Build configuration list for PBXNativeTarget "PlaneTalk" */;
			buildPhases = (
				EF884EB923F76403002CB0EE /* Sources */,
				EF884EBA23F76403002CB0EE /* Frameworks */,
				EF884EBB23F76403002CB0EE /* Resources */,
			);
			buildRules = (
			);
			dependencies = (
			);
			name = PlaneTalk;
			productName = SendiOS;
			productReference = EF884EBD23F76403002CB0EE /* PlaneTalk.app */;
			productType = "com.apple.product-type.application";
		};
/* End PBXNativeTarget section */

/* Begin PBXProject section */
		EF884EB523F76403002CB0EE /* Project object */ = {
			isa = PBXProject;
			attributes = {
				LastSwiftUpdateCheck = 1130;
				LastUpgradeCheck = 1130;
				ORGANIZATIONNAME = "Annino De Petra";
				TargetAttributes = {
					EF884EBC23F76403002CB0EE = {
						CreatedOnToolsVersion = 11.3.1;
					};
				};
			};
			buildConfigurationList = EF884EB823F76403002CB0EE /* Build configuration list for PBXProject "PlaneTalk" */;
			compatibilityVersion = "Xcode 9.3";
			developmentRegion = en;
			hasScannedForEncodings = 0;
			knownRegions = (
				en,
				Base,
			);
			mainGroup = EF884EB423F76403002CB0EE;
			productRefGroup = EF884EBE23F76403002CB0EE /* Products */;
			projectDirPath = "";
			projectRoot = "";
			targets = (
				EF884EBC23F76403002CB0EE /* PlaneTalk */,
			);
		};
/* End PBXProject section */

/* Begin PBXResourcesBuildPhase section */
		EF884EBB23F76403002CB0EE /* Resources */ = {
			isa = PBXResourcesBuildPhase;
			buildActionMask = 2147483647;
			files = (
				EF884ECD23F76408002CB0EE /* LaunchScreen.storyboard in Resources */,
				EF95F831240309370002C047 /* MessageTableViewCell.xib in Resources */,
				EF884ECA23F76408002CB0EE /* Assets.xcassets in Resources */,
				EF884EC823F76403002CB0EE /* Main.storyboard in Resources */,
				EF9C42E3241A859900564AC2 /* TextBoardView.xib in Resources */,
			);
			runOnlyForDeploymentPostprocessing = 0;
		};
/* End PBXResourcesBuildPhase section */

/* Begin PBXSourcesBuildPhase section */
		EF884EB923F76403002CB0EE /* Sources */ = {
			isa = PBXSourcesBuildPhase;
			buildActionMask = 2147483647;
			files = (
				EF9C42E5241A889000564AC2 /* NibLoadable.swift in Sources */,
				6E8766FB2626595500FB80DA /* BroadcastManager.swift in Sources */,
				EF884EC523F76403002CB0EE /* ChatViewController.swift in Sources */,
				EF95F80A2402CDF30002C047 /* NetworkInterfaceConnector.swift in Sources */,
				6E6AC0A52624F52900A273B4 /* NetworkInterfaceType.swift in Sources */,
				EF37DFEB24354F97009F1E29 /* UIChatTableView.swift in Sources */,
				6E87670426265CF100FB80DA /* ServerCommunicationManager.swift in Sources */,
				EF3D9DA3241D1682009079FC /* ClientCommunicationDelegate.swift in Sources */,
				EF50585623FEDC84001020FD /* NetworkInterface.swift in Sources */,
				EF8CBE5E241AB547009AB2D0 /* Reusable.swift in Sources */,
				EF8CBE62241ABDCD009AB2D0 /* ChatMessage.swift in Sources */,
				EF9C42E9241A89B300564AC2 /* UIView+Ext.swift in Sources */,
				EF9C42E1241A858F00564AC2 /* TextBoardView.swift in Sources */,
				6E8766F62626517500FB80DA /* Message.swift in Sources */,
				EF3D9D9F241D163C009079FC /* BroadcastMessagingDelegate.swift in Sources */,
				EF50585423FEDB4B001020FD /* NetworkInterfacesProvider.swift in Sources */,
				EF3D9DA1241D1650009079FC /* ServerCommunicationDelegate.swift in Sources */,
				6E1DB080262991EA00D49B7A /* BroadcastMessageFactory.swift in Sources */,
				EF8CBE60241AB582009AB2D0 /* UITableView+Ext.swift in Sources */,
				6E1DB07D26298ED300D49B7A /* ServerMessageFactory.swift in Sources */,
				EF95F830240309370002C047 /* MessageTableViewCell.swift in Sources */,
				EF884EC123F76403002CB0EE /* AppDelegate.swift in Sources */,
				EF8CBE5C241AB343009AB2D0 /* PlatformUtils.swift in Sources */,
				6E8766FF26265BF600FB80DA /* ClientCommunicationManager.swift in Sources */,
				EF9C42DB241A564F00564AC2 /* ViewDataConfigurable.swift in Sources */,
				EF95F80C2402D5D20002C047 /* Notification+Ext.swift in Sources */,
				EF3D9DA7241D6427009079FC /* SocketUtilities.swift in Sources */,
				EF50585C23FEF5C3001020FD /* CommunicationManager.swift in Sources */,
				EF9C42E7241A899C00564AC2 /* Collection+Ext.swift in Sources */,
				EF5058612400A5A1001020FD /* Utilities.swift in Sources */,
				6E87670B26265FFD00FB80DA /* DeviceType.swift in Sources */,
				EF884EC323F76403002CB0EE /* SceneDelegate.swift in Sources */,
				EF3D9D98241D0DCA009079FC /* Device.swift in Sources */,
			);
			runOnlyForDeploymentPostprocessing = 0;
		};
/* End PBXSourcesBuildPhase section */

/* Begin PBXVariantGroup section */
		EF884EC623F76403002CB0EE /* Main.storyboard */ = {
			isa = PBXVariantGroup;
			children = (
				EF884EC723F76403002CB0EE /* Base */,
			);
			name = Main.storyboard;
			sourceTree = "<group>";
		};
		EF884ECB23F76408002CB0EE /* LaunchScreen.storyboard */ = {
			isa = PBXVariantGroup;
			children = (
				EF884ECC23F76408002CB0EE /* Base */,
			);
			name = LaunchScreen.storyboard;
			sourceTree = "<group>";
		};
/* End PBXVariantGroup section */

/* Begin XCBuildConfiguration section */
		EF884ECF23F76408002CB0EE /* Debug */ = {
			isa = XCBuildConfiguration;
			buildSettings = {
				ALWAYS_SEARCH_USER_PATHS = NO;
				CLANG_ANALYZER_NONNULL = YES;
				CLANG_ANALYZER_NUMBER_OBJECT_CONVERSION = YES_AGGRESSIVE;
				CLANG_CXX_LANGUAGE_STANDARD = "gnu++14";
				CLANG_CXX_LIBRARY = "libc++";
				CLANG_ENABLE_MODULES = YES;
				CLANG_ENABLE_OBJC_ARC = YES;
				CLANG_ENABLE_OBJC_WEAK = YES;
				CLANG_WARN_BLOCK_CAPTURE_AUTORELEASING = YES;
				CLANG_WARN_BOOL_CONVERSION = YES;
				CLANG_WARN_COMMA = YES;
				CLANG_WARN_CONSTANT_CONVERSION = YES;
				CLANG_WARN_DEPRECATED_OBJC_IMPLEMENTATIONS = YES;
				CLANG_WARN_DIRECT_OBJC_ISA_USAGE = YES_ERROR;
				CLANG_WARN_DOCUMENTATION_COMMENTS = YES;
				CLANG_WARN_EMPTY_BODY = YES;
				CLANG_WARN_ENUM_CONVERSION = YES;
				CLANG_WARN_INFINITE_RECURSION = YES;
				CLANG_WARN_INT_CONVERSION = YES;
				CLANG_WARN_NON_LITERAL_NULL_CONVERSION = YES;
				CLANG_WARN_OBJC_IMPLICIT_RETAIN_SELF = YES;
				CLANG_WARN_OBJC_LITERAL_CONVERSION = YES;
				CLANG_WARN_OBJC_ROOT_CLASS = YES_ERROR;
				CLANG_WARN_RANGE_LOOP_ANALYSIS = YES;
				CLANG_WARN_STRICT_PROTOTYPES = YES;
				CLANG_WARN_SUSPICIOUS_MOVE = YES;
				CLANG_WARN_UNGUARDED_AVAILABILITY = YES_AGGRESSIVE;
				CLANG_WARN_UNREACHABLE_CODE = YES;
				CLANG_WARN__DUPLICATE_METHOD_MATCH = YES;
				COPY_PHASE_STRIP = NO;
				DEBUG_INFORMATION_FORMAT = dwarf;
				ENABLE_STRICT_OBJC_MSGSEND = YES;
				ENABLE_TESTABILITY = YES;
				GCC_C_LANGUAGE_STANDARD = gnu11;
				GCC_DYNAMIC_NO_PIC = NO;
				GCC_NO_COMMON_BLOCKS = YES;
				GCC_OPTIMIZATION_LEVEL = 0;
				GCC_PREPROCESSOR_DEFINITIONS = (
					"DEBUG=1",
					"$(inherited)",
				);
				GCC_WARN_64_TO_32_BIT_CONVERSION = YES;
				GCC_WARN_ABOUT_RETURN_TYPE = YES_ERROR;
				GCC_WARN_UNDECLARED_SELECTOR = YES;
				GCC_WARN_UNINITIALIZED_AUTOS = YES_AGGRESSIVE;
				GCC_WARN_UNUSED_FUNCTION = YES;
				GCC_WARN_UNUSED_VARIABLE = YES;
				IPHONEOS_DEPLOYMENT_TARGET = 13.0;
				MTL_ENABLE_DEBUG_INFO = INCLUDE_SOURCE;
				MTL_FAST_MATH = YES;
				ONLY_ACTIVE_ARCH = YES;
				SDKROOT = iphoneos;
				SWIFT_ACTIVE_COMPILATION_CONDITIONS = DEBUG;
				SWIFT_OPTIMIZATION_LEVEL = "-Onone";
			};
			name = Debug;
		};
		EF884ED023F76408002CB0EE /* Release */ = {
			isa = XCBuildConfiguration;
			buildSettings = {
				ALWAYS_SEARCH_USER_PATHS = NO;
				CLANG_ANALYZER_NONNULL = YES;
				CLANG_ANALYZER_NUMBER_OBJECT_CONVERSION = YES_AGGRESSIVE;
				CLANG_CXX_LANGUAGE_STANDARD = "gnu++14";
				CLANG_CXX_LIBRARY = "libc++";
				CLANG_ENABLE_MODULES = YES;
				CLANG_ENABLE_OBJC_ARC = YES;
				CLANG_ENABLE_OBJC_WEAK = YES;
				CLANG_WARN_BLOCK_CAPTURE_AUTORELEASING = YES;
				CLANG_WARN_BOOL_CONVERSION = YES;
				CLANG_WARN_COMMA = YES;
				CLANG_WARN_CONSTANT_CONVERSION = YES;
				CLANG_WARN_DEPRECATED_OBJC_IMPLEMENTATIONS = YES;
				CLANG_WARN_DIRECT_OBJC_ISA_USAGE = YES_ERROR;
				CLANG_WARN_DOCUMENTATION_COMMENTS = YES;
				CLANG_WARN_EMPTY_BODY = YES;
				CLANG_WARN_ENUM_CONVERSION = YES;
				CLANG_WARN_INFINITE_RECURSION = YES;
				CLANG_WARN_INT_CONVERSION = YES;
				CLANG_WARN_NON_LITERAL_NULL_CONVERSION = YES;
				CLANG_WARN_OBJC_IMPLICIT_RETAIN_SELF = YES;
				CLANG_WARN_OBJC_LITERAL_CONVERSION = YES;
				CLANG_WARN_OBJC_ROOT_CLASS = YES_ERROR;
				CLANG_WARN_RANGE_LOOP_ANALYSIS = YES;
				CLANG_WARN_STRICT_PROTOTYPES = YES;
				CLANG_WARN_SUSPICIOUS_MOVE = YES;
				CLANG_WARN_UNGUARDED_AVAILABILITY = YES_AGGRESSIVE;
				CLANG_WARN_UNREACHABLE_CODE = YES;
				CLANG_WARN__DUPLICATE_METHOD_MATCH = YES;
				COPY_PHASE_STRIP = NO;
				DEBUG_INFORMATION_FORMAT = "dwarf-with-dsym";
				ENABLE_NS_ASSERTIONS = NO;
				ENABLE_STRICT_OBJC_MSGSEND = YES;
				GCC_C_LANGUAGE_STANDARD = gnu11;
				GCC_NO_COMMON_BLOCKS = YES;
				GCC_WARN_64_TO_32_BIT_CONVERSION = YES;
				GCC_WARN_ABOUT_RETURN_TYPE = YES_ERROR;
				GCC_WARN_UNDECLARED_SELECTOR = YES;
				GCC_WARN_UNINITIALIZED_AUTOS = YES_AGGRESSIVE;
				GCC_WARN_UNUSED_FUNCTION = YES;
				GCC_WARN_UNUSED_VARIABLE = YES;
				IPHONEOS_DEPLOYMENT_TARGET = 13.0;
				MTL_ENABLE_DEBUG_INFO = NO;
				MTL_FAST_MATH = YES;
				SDKROOT = iphoneos;
				SWIFT_COMPILATION_MODE = wholemodule;
				SWIFT_OPTIMIZATION_LEVEL = "-O";
				VALIDATE_PRODUCT = YES;
			};
			name = Release;
		};
		EF884ED223F76408002CB0EE /* Debug */ = {
			isa = XCBuildConfiguration;
			buildSettings = {
				ASSETCATALOG_COMPILER_APPICON_NAME = AppIcon;
				CODE_SIGN_STYLE = Automatic;
				DEVELOPMENT_TEAM = 62KK4CLZ8M;
				INFOPLIST_FILE = "PlaneTalk/Supporting Files/Info.plist";
				LD_RUNPATH_SEARCH_PATHS = (
					"$(inherited)",
					"@executable_path/Frameworks",
				);
				PRODUCT_BUNDLE_IDENTIFIER = com.ndppphz.PlaneTalk;
				PRODUCT_NAME = PlaneTalk;
				SWIFT_VERSION = 5.0;
				TARGETED_DEVICE_FAMILY = "1,2";
			};
			name = Debug;
		};
		EF884ED323F76408002CB0EE /* Release */ = {
			isa = XCBuildConfiguration;
			buildSettings = {
				ASSETCATALOG_COMPILER_APPICON_NAME = AppIcon;
				CODE_SIGN_STYLE = Automatic;
				DEVELOPMENT_TEAM = 62KK4CLZ8M;
				INFOPLIST_FILE = "PlaneTalk/Supporting Files/Info.plist";
				LD_RUNPATH_SEARCH_PATHS = (
					"$(inherited)",
					"@executable_path/Frameworks",
				);
				PRODUCT_BUNDLE_IDENTIFIER = com.ndppphz.PlaneTalk;
				PRODUCT_NAME = PlaneTalk;
				SWIFT_VERSION = 5.0;
				TARGETED_DEVICE_FAMILY = "1,2";
			};
			name = Release;
		};
/* End XCBuildConfiguration section */

/* Begin XCConfigurationList section */
		EF884EB823F76403002CB0EE /* Build configuration list for PBXProject "PlaneTalk" */ = {
			isa = XCConfigurationList;
			buildConfigurations = (
				EF884ECF23F76408002CB0EE /* Debug */,
				EF884ED023F76408002CB0EE /* Release */,
			);
			defaultConfigurationIsVisible = 0;
			defaultConfigurationName = Release;
		};
		EF884ED123F76408002CB0EE /* Build configuration list for PBXNativeTarget "PlaneTalk" */ = {
			isa = XCConfigurationList;
			buildConfigurations = (
				EF884ED223F76408002CB0EE /* Debug */,
				EF884ED323F76408002CB0EE /* Release */,
			);
			defaultConfigurationIsVisible = 0;
			defaultConfigurationName = Release;
		};
/* End XCConfigurationList section */
	};
	rootObject = EF884EB523F76403002CB0EE /* Project object */;
}
